schema: '2.0'
stages:
  get-features:
    cmd: python3 scripts/data_scripts/get_features.py data/raw/train.csv
    deps:
    - path: data/raw/train.csv
      md5: 4602eb98ec9fd5f5d84950203f6b1db8
      size: 62002
    - path: scripts/data_scripts/get_features.py
      md5: 75d6fdb3a5f4b21fe1ce77c2242b998e
      size: 882
    outs:
    - path: data/stage1
      md5: 1a5fea4774b54d47d6c025b7c267ba33.dir
      size: 12339
      nfiles: 1
  fill-na:
    cmd: python3 scripts/data_scripts/fill_na.py data/stage1/train.csv
    deps:
    - path: data/stage1/train.csv
      md5: 1b535b2bd34cbdd1381768e168ffe20f
      size: 12339
    - path: scripts/data_scripts/fill_na.py
      md5: 9c804105f08a278712199516cdf8d547
      size: 1166
    outs:
    - path: data/stage2
      md5: 38ffb0e6ed0c9060ac0c4107264db377.dir
      size: 13047
      nfiles: 1
  text_to_numeric:
    cmd: python3 scripts/data_scripts/change_text_to_numeric.py data/stage2/train.csv
    deps:
    - path: data/stage2/train.csv
      md5: 231233a23fa1f34387c8c88d8cb6adb4
      size: 13047
    - path: scripts/data_scripts/change_text_to_numeric.py
      md5: b46f39576d7064c70b3377a3c21567c7
      size: 1113
    outs:
    - path: data/stage3
      md5: 11d427dcb67284c1873cc067a2da2424.dir
      size: 9746
      nfiles: 1
  split:
    cmd: python3 scripts/data_scripts/train_test_split.py data/stage3/train.csv
    deps:
    - path: data/stage3/train.csv
      md5: 6d9420e656355fe1d57e088ef7c6ceb2
      size: 9746
    - path: scripts/data_scripts/train_test_split.py
      md5: 46f926ceed61e51d281d09978b837d8f
      size: 950
    params:
      params.yaml:
        split.split_ratio: 0.3
    outs:
    - path: data/stage4
      md5: b1194d4c23bde13484740801bd692637.dir
      size: 9735
      nfiles: 2
  train:
    cmd: python3 scripts/model_scripts/dt.py data/stage4/train.csv model.pkl
    deps:
    - path: data/stage4/train.csv
      md5: e0f869615b7eb81e5eba333c1ab3edc5
      size: 6820
    - path: scripts/model_scripts/dt.py
      md5: 40f2af3a9172612368658e0355c59bf8
      size: 726
    params:
      params.yaml:
        train.max_depth: 3
        train.seed: 42
    outs:
    - path: models/model.pkl
      md5: cc6abdd7f66373fdb43afcc42b8270c8
      size: 2272
  evaluate:
    cmd: python3 scripts/model_scripts/evaluate.py data/stage4/test.csv models/model.pkl
    deps:
    - path: data/stage4/test.csv
      md5: 1a3c54fe525c7c173d8daa67a5f238b2
      size: 2915
    - path: models/model.pkl
      md5: cc6abdd7f66373fdb43afcc42b8270c8
      size: 2272
    - path: scripts/model_scripts/evaluate.py
      md5: 1920a6fd118f71d73fbe8d99539fef96
      size: 566
    outs:
    - path: evaluate/score.json
      md5: 08dfcdb58126df4677b20aeeabd0d4f6
      size: 29
